
Microsoft Visual Studio Solution File, Format Version 12.00
# Visual Studio Version 17
VisualStudioVersion = 17.5.002.0
MinimumVisualStudioVersion = 10.0.40219.1
Project("{FAE04EC0-301F-11D3-BF4B-00C04F79EFBC}") = "Endpoint.Annotation", "Endpoint.Annotation\Endpoint.Annotation.csproj", "{947FCC06-67B1-47CC-8C0F-921CDF2DE7D2}"
EndProject
Project("{FAE04EC0-301F-11D3-BF4B-00C04F79EFBC}") = "Endpoint.AspNetCore", "Endpoint.AspNetCore\Endpoint.AspNetCore.csproj", "{160FA319-3EA8-4CFD-AAFB-1EAF8003C362}"
EndProject
Project("{FAE04EC0-301F-11D3-BF4B-00C04F79EFBC}") = "Endpoint.Core", "Endpoint.Core\Endpoint.Core.csproj", "{C6505969-BF98-4AA8-8F2C-E80AF284B30B}"
EndProject
Project("{FAE04EC0-301F-11D3-BF4B-00C04F79EFBC}") = "Endpoint.Generator", "Endpoint.Generator\Endpoint.Generator.csproj", "{C8410176-D20C-4DF6-A60A-B9BEF555ADD1}"
EndProject
Project("{FAE04EC0-301F-11D3-BF4B-00C04F79EFBC}") = "Endpoint.SchemaProvider", "Endpoint.SchemaProvider\Endpoint.SchemaProvider.csproj", "{99F6BCF8-69A1-4707-8F3A-DB769DCEA7EB}"
EndProject
Project("{FAE04EC0-301F-11D3-BF4B-00C04F79EFBC}") = "Endpoint.TypeParser", "Endpoint.TypeParser\Endpoint.TypeParser.csproj", "{F224F56A-E123-4295-9C41-8D13B01AA24F}"
EndProject
Global
	GlobalSection(SolutionConfigurationPlatforms) = preSolution
		Debug|Any CPU = Debug|Any CPU
		Release|Any CPU = Release|Any CPU
	EndGlobalSection
	GlobalSection(ProjectConfigurationPlatforms) = postSolution
		{947FCC06-67B1-47CC-8C0F-921CDF2DE7D2}.Debug|Any CPU.ActiveCfg = Debug|Any CPU
		{947FCC06-67B1-47CC-8C0F-921CDF2DE7D2}.Debug|Any CPU.Build.0 = Debug|Any CPU
		{947FCC06-67B1-47CC-8C0F-921CDF2DE7D2}.Release|Any CPU.ActiveCfg = Release|Any CPU
		{947FCC06-67B1-47CC-8C0F-921CDF2DE7D2}.Release|Any CPU.Build.0 = Release|Any CPU
		{160FA319-3EA8-4CFD-AAFB-1EAF8003C362}.Debug|Any CPU.ActiveCfg = Debug|Any CPU
		{160FA319-3EA8-4CFD-AAFB-1EAF8003C362}.Debug|Any CPU.Build.0 = Debug|Any CPU
		{160FA319-3EA8-4CFD-AAFB-1EAF8003C362}.Release|Any CPU.ActiveCfg = Release|Any CPU
		{160FA319-3EA8-4CFD-AAFB-1EAF8003C362}.Release|Any CPU.Build.0 = Release|Any CPU
		{C6505969-BF98-4AA8-8F2C-E80AF284B30B}.Debug|Any CPU.ActiveCfg = Debug|Any CPU
		{C6505969-BF98-4AA8-8F2C-E80AF284B30B}.Debug|Any CPU.Build.0 = Debug|Any CPU
		{C6505969-BF98-4AA8-8F2C-E80AF284B30B}.Release|Any CPU.ActiveCfg = Release|Any CPU
		{C6505969-BF98-4AA8-8F2C-E80AF284B30B}.Release|Any CPU.Build.0 = Release|Any CPU
		{C8410176-D20C-4DF6-A60A-B9BEF555ADD1}.Debug|Any CPU.ActiveCfg = Debug|Any CPU
		{C8410176-D20C-4DF6-A60A-B9BEF555ADD1}.Debug|Any CPU.Build.0 = Debug|Any CPU
		{C8410176-D20C-4DF6-A60A-B9BEF555ADD1}.Release|Any CPU.ActiveCfg = Release|Any CPU
		{C8410176-D20C-4DF6-A60A-B9BEF555ADD1}.Release|Any CPU.Build.0 = Release|Any CPU
		{99F6BCF8-69A1-4707-8F3A-DB769DCEA7EB}.Debug|Any CPU.ActiveCfg = Debug|Any CPU
		{99F6BCF8-69A1-4707-8F3A-DB769DCEA7EB}.Debug|Any CPU.Build.0 = Debug|Any CPU
		{99F6BCF8-69A1-4707-8F3A-DB769DCEA7EB}.Release|Any CPU.ActiveCfg = Release|Any CPU
		{99F6BCF8-69A1-4707-8F3A-DB769DCEA7EB}.Release|Any CPU.Build.0 = Release|Any CPU
		{F224F56A-E123-4295-9C41-8D13B01AA24F}.Debug|Any CPU.ActiveCfg = Debug|Any CPU
		{F224F56A-E123-4295-9C41-8D13B01AA24F}.Debug|Any CPU.Build.0 = Debug|Any CPU
		{F224F56A-E123-4295-9C41-8D13B01AA24F}.Release|Any CPU.ActiveCfg = Release|Any CPU
		{F224F56A-E123-4295-9C41-8D13B01AA24F}.Release|Any CPU.Build.0 = Release|Any CPU
	EndGlobalSection
	GlobalSection(SolutionProperties) = preSolution
		HideSolutionNode = FALSE
	EndGlobalSection
	GlobalSection(ExtensibilityGlobals) = postSolution
		SolutionGuid = {42C71912-A302-4F5E-80AE-1CC5E3983C22}
	EndGlobalSection
EndGlobal
